
Microsoft Visual Studio Solution File, Format Version 12.00
# Visual Studio 15
VisualStudioVersion = 15.0.28307.168
MinimumVisualStudioVersion = 10.0.40219.1
Project("{FAE04EC0-301F-11D3-BF4B-00C04F79EFBC}") = "FBMatch", "FBMatch\FBMatch.csproj", "{B289ED6A-5605-4C01-A870-68DE753BF513}"
EndProject
Global
	GlobalSection(SolutionConfigurationPlatforms) = preSolution
		Debug|Any CPU = Debug|Any CPU
		Release|Any CPU = Release|Any CPU
	EndGlobalSection
	GlobalSection(ProjectConfigurationPlatforms) = postSolution
		{B289ED6A-5605-4C01-A870-68DE753BF513}.Debug|Any CPU.ActiveCfg = Debug|Any CPU
		{B289ED6A-5605-4C01-A870-68DE753BF513}.Debug|Any CPU.Build.0 = Debug|Any CPU
		{B289ED6A-5605-4C01-A870-68DE753BF513}.Release|Any CPU.ActiveCfg = Release|Any CPU
		{B289ED6A-5605-4C01-A870-68DE753BF513}.Release|Any CPU.Build.0 = Release|Any CPU
	EndGlobalSection
	GlobalSection(SolutionProperties) = preSolution
		HideSolutionNode = FALSE
	EndGlobalSection
	GlobalSection(ExtensibilityGlobals) = postSolution
		SolutionGuid = {07B9A72E-0F81-47A1-98BB-6ED916037B4F}
	EndGlobalSection
EndGlobal
